
Microsoft Visual Studio Solution File, Format Version 12.00
# Visual Studio Version 17
VisualStudioVersion = 17.3.32819.101
MinimumVisualStudioVersion = 10.0.40219.1
Project("{9A19103F-16F7-4668-BE54-9A1E7A4F7556}") = "Bank.Data", "Bank.Data\Bank.Data.csproj", "{1B16CD43-85F1-4878-A876-3D0C9538B215}"
EndProject
Project("{9A19103F-16F7-4668-BE54-9A1E7A4F7556}") = "Bank.Model", "Bank.Model\Bank.Model.csproj", "{3CC4AF8D-F978-400A-BB28-EBF62375DAAA}"
EndProject
Project("{9A19103F-16F7-4668-BE54-9A1E7A4F7556}") = "Bank.WebAPI", "Bank.WebAPI\Bank.WebAPI.csproj", "{38A6C4D7-A8BB-4DB6-A317-3484CE91D8EB}"
EndProject
Project("{9A19103F-16F7-4668-BE54-9A1E7A4F7556}") = "Bank.Business", "Bank.Business\Bank.Business.csproj", "{39C30AA2-EEE3-488F-AEDB-B901A580EE27}"
EndProject
Global
	GlobalSection(SolutionConfigurationPlatforms) = preSolution
		Debug|Any CPU = Debug|Any CPU
		Release|Any CPU = Release|Any CPU
	EndGlobalSection
	GlobalSection(ProjectConfigurationPlatforms) = postSolution
		{1B16CD43-85F1-4878-A876-3D0C9538B215}.Debug|Any CPU.ActiveCfg = Debug|Any CPU
		{1B16CD43-85F1-4878-A876-3D0C9538B215}.Debug|Any CPU.Build.0 = Debug|Any CPU
		{1B16CD43-85F1-4878-A876-3D0C9538B215}.Release|Any CPU.ActiveCfg = Release|Any CPU
		{1B16CD43-85F1-4878-A876-3D0C9538B215}.Release|Any CPU.Build.0 = Release|Any CPU
		{3CC4AF8D-F978-400A-BB28-EBF62375DAAA}.Debug|Any CPU.ActiveCfg = Debug|Any CPU
		{3CC4AF8D-F978-400A-BB28-EBF62375DAAA}.Debug|Any CPU.Build.0 = Debug|Any CPU
		{3CC4AF8D-F978-400A-BB28-EBF62375DAAA}.Release|Any CPU.ActiveCfg = Release|Any CPU
		{3CC4AF8D-F978-400A-BB28-EBF62375DAAA}.Release|Any CPU.Build.0 = Release|Any CPU
		{38A6C4D7-A8BB-4DB6-A317-3484CE91D8EB}.Debug|Any CPU.ActiveCfg = Debug|Any CPU
		{38A6C4D7-A8BB-4DB6-A317-3484CE91D8EB}.Debug|Any CPU.Build.0 = Debug|Any CPU
		{38A6C4D7-A8BB-4DB6-A317-3484CE91D8EB}.Release|Any CPU.ActiveCfg = Release|Any CPU
		{38A6C4D7-A8BB-4DB6-A317-3484CE91D8EB}.Release|Any CPU.Build.0 = Release|Any CPU
		{39C30AA2-EEE3-488F-AEDB-B901A580EE27}.Debug|Any CPU.ActiveCfg = Debug|Any CPU
		{39C30AA2-EEE3-488F-AEDB-B901A580EE27}.Debug|Any CPU.Build.0 = Debug|Any CPU
		{39C30AA2-EEE3-488F-AEDB-B901A580EE27}.Release|Any CPU.ActiveCfg = Release|Any CPU
		{39C30AA2-EEE3-488F-AEDB-B901A580EE27}.Release|Any CPU.Build.0 = Release|Any CPU
	EndGlobalSection
	GlobalSection(SolutionProperties) = preSolution
		HideSolutionNode = FALSE
	EndGlobalSection
	GlobalSection(ExtensibilityGlobals) = postSolution
		SolutionGuid = {7A468570-4166-4692-ABB1-42345CF79B9D}
	EndGlobalSection
EndGlobal
